
Microsoft Visual Studio Solution File, Format Version 12.00
# Visual Studio Version 16
VisualStudioVersion = 16.0.30804.86
MinimumVisualStudioVersion = 10.0.40219.1
Project("{FAE04EC0-301F-11D3-BF4B-00C04F79EFBC}") = "QASite.web", "QASite.web\QASite.web.csproj", "{F3FF4E00-2068-4BAA-A7C2-BC911FF52051}"
EndProject
Project("{FAE04EC0-301F-11D3-BF4B-00C04F79EFBC}") = "QASite.data", "QASite.data\QASite.data.csproj", "{2C714996-806D-4B21-BF8A-61274D3E4635}"
EndProject
Global
	GlobalSection(SolutionConfigurationPlatforms) = preSolution
		Debug|Any CPU = Debug|Any CPU
		Release|Any CPU = Release|Any CPU
	EndGlobalSection
	GlobalSection(ProjectConfigurationPlatforms) = postSolution
		{F3FF4E00-2068-4BAA-A7C2-BC911FF52051}.Debug|Any CPU.ActiveCfg = Debug|Any CPU
		{F3FF4E00-2068-4BAA-A7C2-BC911FF52051}.Debug|Any CPU.Build.0 = Debug|Any CPU
		{F3FF4E00-2068-4BAA-A7C2-BC911FF52051}.Release|Any CPU.ActiveCfg = Release|Any CPU
		{F3FF4E00-2068-4BAA-A7C2-BC911FF52051}.Release|Any CPU.Build.0 = Release|Any CPU
		{2C714996-806D-4B21-BF8A-61274D3E4635}.Debug|Any CPU.ActiveCfg = Debug|Any CPU
		{2C714996-806D-4B21-BF8A-61274D3E4635}.Debug|Any CPU.Build.0 = Debug|Any CPU
		{2C714996-806D-4B21-BF8A-61274D3E4635}.Release|Any CPU.ActiveCfg = Release|Any CPU
		{2C714996-806D-4B21-BF8A-61274D3E4635}.Release|Any CPU.Build.0 = Release|Any CPU
	EndGlobalSection
	GlobalSection(SolutionProperties) = preSolution
		HideSolutionNode = FALSE
	EndGlobalSection
	GlobalSection(ExtensibilityGlobals) = postSolution
		SolutionGuid = {6F574FAB-BDD5-4D41-8357-89C63CE3C0A4}
	EndGlobalSection
EndGlobal
